
Microsoft Visual Studio Solution File, Format Version 12.00
# Visual Studio Version 17
VisualStudioVersion = 17.12.35707.178
MinimumVisualStudioVersion = 10.0.40219.1
Project("{FAE04EC0-301F-11D3-BF4B-00C04F79EFBC}") = "TgBot_UserInfo", "TgBot_UserInfo\TgBot_UserInfo.csproj", "{9E7B25EB-831B-4190-9879-EE7F3D29EAF1}"
EndProject
Project("{FAE04EC0-301F-11D3-BF4B-00C04F79EFBC}") = "Dal", "Dal\Dal.csproj", "{62B503BE-C4F1-4DB7-A99B-19FFAF62CDC0}"
EndProject
Project("{FAE04EC0-301F-11D3-BF4B-00C04F79EFBC}") = "BII", "BII\BII.csproj", "{CBC357FA-D2CB-4D7B-83AB-D8AAD3AE763B}"
EndProject
Global
	GlobalSection(SolutionConfigurationPlatforms) = preSolution
		Debug|Any CPU = Debug|Any CPU
		Release|Any CPU = Release|Any CPU
	EndGlobalSection
	GlobalSection(ProjectConfigurationPlatforms) = postSolution
		{9E7B25EB-831B-4190-9879-EE7F3D29EAF1}.Debug|Any CPU.ActiveCfg = Debug|Any CPU
		{9E7B25EB-831B-4190-9879-EE7F3D29EAF1}.Debug|Any CPU.Build.0 = Debug|Any CPU
		{9E7B25EB-831B-4190-9879-EE7F3D29EAF1}.Release|Any CPU.ActiveCfg = Release|Any CPU
		{9E7B25EB-831B-4190-9879-EE7F3D29EAF1}.Release|Any CPU.Build.0 = Release|Any CPU
		{62B503BE-C4F1-4DB7-A99B-19FFAF62CDC0}.Debug|Any CPU.ActiveCfg = Debug|Any CPU
		{62B503BE-C4F1-4DB7-A99B-19FFAF62CDC0}.Debug|Any CPU.Build.0 = Debug|Any CPU
		{62B503BE-C4F1-4DB7-A99B-19FFAF62CDC0}.Release|Any CPU.ActiveCfg = Release|Any CPU
		{62B503BE-C4F1-4DB7-A99B-19FFAF62CDC0}.Release|Any CPU.Build.0 = Release|Any CPU
		{CBC357FA-D2CB-4D7B-83AB-D8AAD3AE763B}.Debug|Any CPU.ActiveCfg = Debug|Any CPU
		{CBC357FA-D2CB-4D7B-83AB-D8AAD3AE763B}.Debug|Any CPU.Build.0 = Debug|Any CPU
		{CBC357FA-D2CB-4D7B-83AB-D8AAD3AE763B}.Release|Any CPU.ActiveCfg = Release|Any CPU
		{CBC357FA-D2CB-4D7B-83AB-D8AAD3AE763B}.Release|Any CPU.Build.0 = Release|Any CPU
	EndGlobalSection
	GlobalSection(SolutionProperties) = preSolution
		HideSolutionNode = FALSE
	EndGlobalSection
EndGlobal
